
Microsoft Visual Studio Solution File, Format Version 12.00
# Visual Studio Version 16
VisualStudioVersion = 16.0.30204.135
MinimumVisualStudioVersion = 10.0.40219.1
Project("{FAE04EC0-301F-11D3-BF4B-00C04F79EFBC}") = "GitHubTest2", "GitHubTest2\GitHubTest2.csproj", "{06AC9F1D-701E-4541-8697-13BCB8E29A6F}"
EndProject
Global
	GlobalSection(SolutionConfigurationPlatforms) = preSolution
		Debug|Any CPU = Debug|Any CPU
		Release|Any CPU = Release|Any CPU
	EndGlobalSection
	GlobalSection(ProjectConfigurationPlatforms) = postSolution
		{06AC9F1D-701E-4541-8697-13BCB8E29A6F}.Debug|Any CPU.ActiveCfg = Debug|Any CPU
		{06AC9F1D-701E-4541-8697-13BCB8E29A6F}.Debug|Any CPU.Build.0 = Debug|Any CPU
		{06AC9F1D-701E-4541-8697-13BCB8E29A6F}.Release|Any CPU.ActiveCfg = Release|Any CPU
		{06AC9F1D-701E-4541-8697-13BCB8E29A6F}.Release|Any CPU.Build.0 = Release|Any CPU
	EndGlobalSection
	GlobalSection(SolutionProperties) = preSolution
		HideSolutionNode = FALSE
	EndGlobalSection
	GlobalSection(ExtensibilityGlobals) = postSolution
		SolutionGuid = {A1F0F7A7-5742-4932-BE4B-F2DBC70E171B}
	EndGlobalSection
EndGlobal
